# Generated by move; do not edit
# This file should be checked in.

[move]
version = 4

[pinned.mainnet.MoveStdlib]
source = { git = "https://github.com/MystenLabs/sui.git", subdir = "crates/sui-framework/packages/move-stdlib", rev = "ae59d7718668b468ce65702ecb0440aa2330f389" }
use_environment = "mainnet"
manifest_digest = "C4FE4C91DE74CBF223B2E380AE40F592177D21870DC2D7EB6227D2D694E05363"
deps = {}

[pinned.mainnet.Sui]
source = { git = "https://github.com/MystenLabs/sui.git", subdir = "crates/sui-framework/packages/sui-framework", rev = "ae59d7718668b468ce65702ecb0440aa2330f389" }
use_environment = "mainnet"
manifest_digest = "CD547CB1ACCE0880C835DAED2D8FFCB91D56C833AE5240D3AA5B918398263195"
deps = { MoveStdlib = "MoveStdlib" }

[pinned.mainnet.party_cta]
source = { root = true }
use_environment = "mainnet"
manifest_digest = "9D38B18899DD751BB5FD535C4D03385F77A6B9CAFEE31A68280061833B26AE5A"
deps = { partyos = "partyos", std = "MoveStdlib", sui = "Sui" }

[pinned.mainnet.partyos]
source = { git = "https://github.com/misofm/partyos.git", subdir = ".", rev = "735c72d2c7539dd71b6826d9abcb00b367a3e53c" }
use_environment = "mainnet"
manifest_digest = "E41BBD67BE8940D26C79D78B028477EF5B33BA217A1282C78ACB344CF8A5ECF6"
deps = { std = "MoveStdlib", sui = "Sui" }

[pinned.testnet.MoveStdlib]
source = { git = "https://github.com/MystenLabs/sui.git", subdir = "crates/sui-framework/packages/move-stdlib", rev = "2a0becb2fcc6989e492981104af67f62f2c9511a" }
use_environment = "testnet"
manifest_digest = "C4FE4C91DE74CBF223B2E380AE40F592177D21870DC2D7EB6227D2D694E05363"
deps = {}

[pinned.testnet.Sui]
source = { git = "https://github.com/MystenLabs/sui.git", subdir = "crates/sui-framework/packages/sui-framework", rev = "2a0becb2fcc6989e492981104af67f62f2c9511a" }
use_environment = "testnet"
manifest_digest = "7AFB66695545775FBFBB2D3078ADFD084244D5002392E837FDE21D9EA1C6D01C"
deps = { MoveStdlib = "MoveStdlib" }

[pinned.testnet.party_cta]
source = { root = true }
use_environment = "testnet"
manifest_digest = "70B7AF793E0CC5AC20D6A6543CC440B6D632E157D460EDD4183F584A80FAA51C"
deps = { partyos = "partyos", std = "MoveStdlib", sui = "Sui" }

[pinned.testnet.partyos]
source = { git = "https://github.com/misofm/partyos.git", subdir = ".", rev = "b1fe2351e854630910a81f214d5ab0a45e0c6fab" }
use_environment = "testnet"
manifest_digest = "5745706258F61D6CE210904B3E6AE87A73CE9D31A6F93BE4718C442529332A87"
deps = { std = "MoveStdlib", sui = "Sui" }
