# Generated by move; do not edit
# This file should be checked in.

[move]
version = 4

[pinned.mainnet.MoveStdlib]
source = { git = "https://github.com/MystenLabs/sui.git", subdir = "crates/sui-framework/packages/move-stdlib", rev = "ae59d7718668b468ce65702ecb0440aa2330f389" }
use_environment = "mainnet"
manifest_digest = "C4FE4C91DE74CBF223B2E380AE40F592177D21870DC2D7EB6227D2D694E05363"
deps = {}

[pinned.mainnet.Sui]
source = { git = "https://github.com/MystenLabs/sui.git", subdir = "crates/sui-framework/packages/sui-framework", rev = "ae59d7718668b468ce65702ecb0440aa2330f389" }
use_environment = "mainnet"
manifest_digest = "CD547CB1ACCE0880C835DAED2D8FFCB91D56C833AE5240D3AA5B918398263195"
deps = { MoveStdlib = "MoveStdlib" }

[pinned.mainnet.party_roles]
source = { root = true }
use_environment = "mainnet"
manifest_digest = "4EE7E572A8BE5B4BAA945E0F468DA6BF2FE0B40733A493A832C3BFC8A32B182D"
deps = { partyos = "partyos", std = "MoveStdlib", sui = "Sui", typed_set = "typed_set" }

[pinned.mainnet.partyos]
source = { git = "https://github.com/misofm/partyos.git", subdir = ".", rev = "a55f9a2ae9d782d453305961862789dce9deef5b" }
use_environment = "mainnet"
manifest_digest = "E41BBD67BE8940D26C79D78B028477EF5B33BA217A1282C78ACB344CF8A5ECF6"
deps = { std = "MoveStdlib", sui = "Sui" }

[pinned.mainnet.typed_set]
source = { git = "https://github.com/unconfirmedlabs/typed_set.git", subdir = ".", rev = "b37474cbde166b7ddf8a3b615cd89f90182ace6f" }
use_environment = "mainnet"
manifest_digest = "E41BBD67BE8940D26C79D78B028477EF5B33BA217A1282C78ACB344CF8A5ECF6"
deps = { std = "MoveStdlib", sui = "Sui" }

[pinned.testnet.MoveStdlib]
source = { git = "https://github.com/MystenLabs/sui.git", subdir = "crates/sui-framework/packages/move-stdlib", rev = "ae59d7718668b468ce65702ecb0440aa2330f389" }
use_environment = "testnet"
manifest_digest = "C4FE4C91DE74CBF223B2E380AE40F592177D21870DC2D7EB6227D2D694E05363"
deps = {}

[pinned.testnet.Sui]
source = { git = "https://github.com/MystenLabs/sui.git", subdir = "crates/sui-framework/packages/sui-framework", rev = "ae59d7718668b468ce65702ecb0440aa2330f389" }
use_environment = "testnet"
manifest_digest = "7AFB66695545775FBFBB2D3078ADFD084244D5002392E837FDE21D9EA1C6D01C"
deps = { MoveStdlib = "MoveStdlib" }

[pinned.testnet.party_roles]
source = { root = true }
use_environment = "testnet"
manifest_digest = "9F4BDA568CC2C7085DE8FEBAEA48AD431EFCD53555CC5B07F232BDE0411A7A25"
deps = { partyos = "partyos", std = "MoveStdlib", sui = "Sui", typed_set = "typed_set" }

[pinned.testnet.partyos]
source = { git = "https://github.com/misofm/partyos.git", subdir = ".", rev = "a55f9a2ae9d782d453305961862789dce9deef5b" }
use_environment = "testnet"
manifest_digest = "5745706258F61D6CE210904B3E6AE87A73CE9D31A6F93BE4718C442529332A87"
deps = { std = "MoveStdlib", sui = "Sui" }

[pinned.testnet.typed_set]
source = { git = "https://github.com/unconfirmedlabs/typed_set.git", subdir = ".", rev = "b37474cbde166b7ddf8a3b615cd89f90182ace6f" }
use_environment = "testnet"
manifest_digest = "5745706258F61D6CE210904B3E6AE87A73CE9D31A6F93BE4718C442529332A87"
deps = { std = "MoveStdlib", sui = "Sui" }
